
Microsoft Visual Studio Solution File, Format Version 12.00
# Visual Studio Version 17
VisualStudioVersion = 17.8.34330.188
MinimumVisualStudioVersion = 10.0.40219.1
Project("{FAE04EC0-301F-11D3-BF4B-00C04F79EFBC}") = "DesafioTarget", "DesafioTarget\DesafioTarget.csproj", "{727B59DC-B575-4135-8694-43EBA5FBE702}"
EndProject
Global
	GlobalSection(SolutionConfigurationPlatforms) = preSolution
		Debug|Any CPU = Debug|Any CPU
		Release|Any CPU = Release|Any CPU
	EndGlobalSection
	GlobalSection(ProjectConfigurationPlatforms) = postSolution
		{727B59DC-B575-4135-8694-43EBA5FBE702}.Debug|Any CPU.ActiveCfg = Debug|Any CPU
		{727B59DC-B575-4135-8694-43EBA5FBE702}.Debug|Any CPU.Build.0 = Debug|Any CPU
		{727B59DC-B575-4135-8694-43EBA5FBE702}.Release|Any CPU.ActiveCfg = Release|Any CPU
		{727B59DC-B575-4135-8694-43EBA5FBE702}.Release|Any CPU.Build.0 = Release|Any CPU
	EndGlobalSection
	GlobalSection(SolutionProperties) = preSolution
		HideSolutionNode = FALSE
	EndGlobalSection
	GlobalSection(ExtensibilityGlobals) = postSolution
		SolutionGuid = {94CF8CE7-47D2-4ED8-A1B1-8AFCBCB9F6F7}
	EndGlobalSection
EndGlobal
